
Microsoft Visual Studio Solution File, Format Version 12.00
# Visual Studio Version 17
VisualStudioVersion = 17.10.34928.147
MinimumVisualStudioVersion = 10.0.40219.1
Project("{FAE04EC0-301F-11D3-BF4B-00C04F79EFBC}") = "ADO11.12.2024", "ADO11.12.2024\ADO11.12.2024.csproj", "{2CAD5916-5F9B-4CC1-8EE8-4F1DCEE522A9}"
EndProject
Project("{FAE04EC0-301F-11D3-BF4B-00C04F79EFBC}") = "ADO11.12.2024.Part2", "ADO11.12.2024.Part2\ADO11.12.2024.Part2.csproj", "{290A294A-65F5-4D75-B051-B1F1581011E3}"
EndProject
Global
	GlobalSection(SolutionConfigurationPlatforms) = preSolution
		Debug|Any CPU = Debug|Any CPU
		Release|Any CPU = Release|Any CPU
	EndGlobalSection
	GlobalSection(ProjectConfigurationPlatforms) = postSolution
		{2CAD5916-5F9B-4CC1-8EE8-4F1DCEE522A9}.Debug|Any CPU.ActiveCfg = Debug|Any CPU
		{2CAD5916-5F9B-4CC1-8EE8-4F1DCEE522A9}.Debug|Any CPU.Build.0 = Debug|Any CPU
		{2CAD5916-5F9B-4CC1-8EE8-4F1DCEE522A9}.Release|Any CPU.ActiveCfg = Release|Any CPU
		{2CAD5916-5F9B-4CC1-8EE8-4F1DCEE522A9}.Release|Any CPU.Build.0 = Release|Any CPU
		{290A294A-65F5-4D75-B051-B1F1581011E3}.Debug|Any CPU.ActiveCfg = Debug|Any CPU
		{290A294A-65F5-4D75-B051-B1F1581011E3}.Debug|Any CPU.Build.0 = Debug|Any CPU
		{290A294A-65F5-4D75-B051-B1F1581011E3}.Release|Any CPU.ActiveCfg = Release|Any CPU
		{290A294A-65F5-4D75-B051-B1F1581011E3}.Release|Any CPU.Build.0 = Release|Any CPU
	EndGlobalSection
	GlobalSection(SolutionProperties) = preSolution
		HideSolutionNode = FALSE
	EndGlobalSection
	GlobalSection(ExtensibilityGlobals) = postSolution
		SolutionGuid = {C2F8E2DA-F4EE-42DF-B50A-1EE24222E247}
	EndGlobalSection
EndGlobal
